
Microsoft Visual Studio Solution File, Format Version 12.00
# Visual Studio Version 17
VisualStudioVersion = 17.9.34701.34
MinimumVisualStudioVersion = 10.0.40219.1
Project("{FAE04EC0-301F-11D3-BF4B-00C04F79EFBC}") = "BloodBankAPI", "BloodBankAPI\BloodBankAPI.csproj", "{0F83EEA4-6949-4D36-BCC8-573A4670477A}"
EndProject
Global
	GlobalSection(SolutionConfigurationPlatforms) = preSolution
		Debug|Any CPU = Debug|Any CPU
		Release|Any CPU = Release|Any CPU
	EndGlobalSection
	GlobalSection(ProjectConfigurationPlatforms) = postSolution
		{0F83EEA4-6949-4D36-BCC8-573A4670477A}.Debug|Any CPU.ActiveCfg = Debug|Any CPU
		{0F83EEA4-6949-4D36-BCC8-573A4670477A}.Debug|Any CPU.Build.0 = Debug|Any CPU
		{0F83EEA4-6949-4D36-BCC8-573A4670477A}.Release|Any CPU.ActiveCfg = Release|Any CPU
		{0F83EEA4-6949-4D36-BCC8-573A4670477A}.Release|Any CPU.Build.0 = Release|Any CPU
	EndGlobalSection
	GlobalSection(SolutionProperties) = preSolution
		HideSolutionNode = FALSE
	EndGlobalSection
	GlobalSection(ExtensibilityGlobals) = postSolution
		SolutionGuid = {51312803-7B9A-45F9-9522-CDC48FF59648}
	EndGlobalSection
EndGlobal
